{
  "name": "cfl-intelligent-operations-platform",
  "version": "0.1.0",
  "lockfileVersion": 3,
  "requires": true,
  "packages": {
    "": {
      "name": "cfl-intelligent-operations-platform",
      "version": "0.1.0",
      "workspaces": [
        "apps/api"
      ],
      "engines": {
        "node": ">=20"
      }
    },
    "apps/api": {
      "name": "@cfl-operations/api",
      "version": "0.1.0",
      "engines": {
        "node": ">=20"
      }
    },
    "node_modules/@cfl-operations/api": {
      "resolved": "apps/api",
      "link": true
    }
  }
}
