{
  "name": "world-cup-2026-assistant",
  "version": "0.1.0",
  "lockfileVersion": 3,
  "requires": true,
  "packages": {
    "": {
      "name": "world-cup-2026-assistant",
      "version": "0.1.0",
      "workspaces": [
        "apps/api"
      ],
      "engines": {
        "node": ">=20"
      }
    },
    "apps/api": {
      "name": "@world-cup-2026-assistant/api",
      "version": "0.1.0",
      "engines": {
        "node": ">=20"
      }
    },
    "node_modules/@world-cup-2026-assistant/api": {
      "resolved": "apps/api",
      "link": true
    }
  }
}
